{
    "_meta": {
        "hash": {
            "sha256": "7ba8bd33ec331f583b3841d2bb9a938cf4039877f114d867e32fe0da037e7373"
        },
        "pipfile-spec": 6,
        "requires": {
            "python_version": "3.9.6"
        },
        "sources": [
            {
                "name": "pypi",
                "url": "https://pypi.org/simple",
                "verify_ssl": true
            }
        ]
    },
    "default": {
        "boto": {
            "hashes": [
                "sha256:147758d41ae7240dc989f0039f27da8ca0d53734be0eb869ef16e3adcfa462e8",
                "sha256:ea0d3b40a2d852767be77ca343b58a9e3a4b00d9db440efb8da74b4e58025e5a"
            ],
            "index": "pypi",
            "version": "==2.49.0"
        },
        "boto3": {
            "hashes": [
                "sha256:8f18d212b9199dbbd9d596dd5929685b583ac938c60cceeac2e045c0c5d10323",
                "sha256:d6a8e77db316c6e1d9a25f77c795ed1e0a8bc621f863ce26d04b2225d30f2dce"
            ],
            "index": "pypi",
            "markers": "python_version >= '3.8'",
            "version": "==1.34.111"
        },
        "botocore": {
            "hashes": [
                "sha256:0e0fb9b605c46393d5c7c69bd516b36058334bdc8f389e680c6efcf0727f25db",
                "sha256:e10affb7f372d50da957260adf2753a3f153bf90abe6910e11f09d1e443b5515"
            ],
            "markers": "python_version >= '3.8'",
            "version": "==1.34.111"
        },
        "cassandra-driver": {
            "hashes": [
                "sha256:0b841d38c96bb878d31df393954863652d6d3a85f47bcc00fd1d70a5ea73023f",
                "sha256:0c1aca41f45772f9759e8246030907d92bc35fbbdc91525a3cb9b49939b80ad7",
                "sha256:0e6dac7eddd3f4581859f180383574068a3f113907811b4dad755a8ace4c3fbd",
                "sha256:19cc7375f673e215bd4cbbefae2de9f07830be7dabef55284a2d2ff8d8691efe",
                "sha256:1a9d7d3b1be24a7f113b5404186ccccc977520401303a8fe78ba34134cad2482",
                "sha256:1b206423cc454a78f16b411e7cb641dddc26168ac2e18f2c13665f5f3c89868c",
                "sha256:293a79dba417112b56320ed0013d71fd7520f5fc4a5fd2ac8000c762c6dd5b07",
                "sha256:2b74b355be3dcafe652fffda8f14f385ccc1a8dae9df28e6080cc660da39b45f",
                "sha256:38e9c2a2f2a9664bb03f1f852d5fccaeff2163942b5db35dffcf8bf32a51cfe5",
                "sha256:41ca7eea069754002418d3bdfbd3dfd150ea12cb9db474ab1a01fa4679a05bcb",
                "sha256:4282c5deac462e4bb0f6fd0553a33d514dbd5ee99d0812594210080330ddd1a2",
                "sha256:4431a0c836f33a33c733c84997fbdb6398be005c4d18a8c8525c469fdc29393c",
                "sha256:4ad0c9fb2229048ad6ff8c6ddbf1fdc78b111f2b061c66237c2257fcc4a31b14",
                "sha256:4beb29a0139e63a10a5b9a3c7b72c30a4e6e20c9f0574f9d22c0d4144fe3d348",
                "sha256:4cae69ceb1b1d9383e988a1b790115253eacf7867ceb15ed2adb736e3ce981be",
                "sha256:54d9e651a742d6ca3d874ef8d06a40fa032d2dba97142da2d36f60c5675e39f8",
                "sha256:5bbc6f575ef109ce5d4abfa2033bf36c394032abd83e32ab671159ce68e7e17b",
                "sha256:630dc5423cd40eba0ee9db31065e2238098ff1a25a6b1bd36360f85738f26e4b",
                "sha256:78f241af75696adb3e470209e2fbb498804c99e2b197d24d74774eee6784f283",
                "sha256:7c2374fdf1099047a6c9c8329c79d71ad11e61d9cca7de92a0f49655da4bdd8a",
                "sha256:7d66398952b9cd21c40edff56e22b6d3bce765edc94b207ddb5896e7bc9aa088",
                "sha256:81c8fd556c6e1bb93577e69c1f10a3fadf7ddb93958d226ccbb72389396e9a92",
                "sha256:90c42006665a4e490b0766b70f3d637f36a30accbef2da35d6d4081c0e0bafc3",
                "sha256:9a3e1e2b01f3b7a5cf75c97401bce830071d99c42464352087d7475e0161af93",
                "sha256:a2c03c1d834ac1a0ae39f9af297a8cd38829003ce910b08b324fb3abe488ce2b",
                "sha256:a8f175c7616a63ca48cb8bd4acc443e2a3d889964d5157cead761f23cc8db7bd",
                "sha256:ac898cca7303a3a2a3070513eee12ef0f1be1a0796935c5b8aa13dae8c0a7f7e",
                "sha256:ce4a66245d4a0c8b07fdcb6398698c2c42eb71245fb49cff39435bb702ff7be6",
                "sha256:cfe70ed0f27af949de2767ea9cef4092584e8748759374a55bf23c30746c7b23",
                "sha256:d23b08381b171a9e42ace483a82457edcddada9e8367e31677b97538cde2dc34",
                "sha256:f6639ccb268c4dc754bc45e03551711780d0e02cb298ab26cde1f42b7bcc74f8"
            ],
            "index": "pypi",
            "version": "==3.29.1"
        },
        "click": {
            "hashes": [
                "sha256:ae74fb96c20a0277a1d615f1e4d73c8414f5a98db8b799a7931d1582f3390c28",
                "sha256:ca9853ad459e787e2192211578cc907e7594e294c7ccc834310722b41b9ca6de"
            ],
            "markers": "python_version >= '3.7'",
            "version": "==8.1.7"
        },
        "geomet": {
            "hashes": [
                "sha256:87ae0fc42e532b9e98969c0bbf895a5e0b2bb4f6f775cf51a74e6482f1f35c2b",
                "sha256:91d754f7c298cbfcabd3befdb69c641c27fe75e808b27aa55028605761d17e95",
                "sha256:a41a1e336b381416d6cbed7f1745c848e91defaa4d4c1bdc1312732e46ffad2b"
            ],
            "markers": "python_version >= '2.7' and python_version != '3.3' and python_version < '4'",
            "version": "==0.2.1.post1"
        },
        "jinja2": {
            "hashes": [
                "sha256:4a3aee7acbbe7303aede8e9648d13b8bf88a429282aa6122a993f0ac800cb369",
                "sha256:bc5dd2abb727a5319567b7a813e6a2e7318c39f4f487cfe6c89c6f9c7d25197d"
            ],
            "index": "pypi",
            "markers": "python_version >= '3.7'",
            "version": "==3.1.4"
        },
        "jmespath": {
            "hashes": [
                "sha256:02e2e4cc71b5bcab88332eebf907519190dd9e6e82107fa7f83b1003a6252980",
                "sha256:90261b206d6defd58fdd5e85f478bf633a2901798906be2ad389150c5c60edbe"
            ],
            "markers": "python_version >= '3.7'",
            "version": "==1.0.1"
        },
        "markupsafe": {
            "hashes": [
                "sha256:00e046b6dd71aa03a41079792f8473dc494d564611a8f89bbbd7cb93295ebdcf",
                "sha256:075202fa5b72c86ad32dc7d0b56024ebdbcf2048c0ba09f1cde31bfdd57bcfff",
                "sha256:0e397ac966fdf721b2c528cf028494e86172b4feba51d65f81ffd65c63798f3f",
                "sha256:17b950fccb810b3293638215058e432159d2b71005c74371d784862b7e4683f3",
                "sha256:1f3fbcb7ef1f16e48246f704ab79d79da8a46891e2da03f8783a5b6fa41a9532",
                "sha256:2174c595a0d73a3080ca3257b40096db99799265e1c27cc5a610743acd86d62f",
                "sha256:2b7c57a4dfc4f16f7142221afe5ba4e093e09e728ca65c51f5620c9aaeb9a617",
                "sha256:2d2d793e36e230fd32babe143b04cec8a8b3eb8a3122d2aceb4a371e6b09b8df",
                "sha256:30b600cf0a7ac9234b2638fbc0fb6158ba5bdcdf46aeb631ead21248b9affbc4",
                "sha256:397081c1a0bfb5124355710fe79478cdbeb39626492b15d399526ae53422b906",
                "sha256:3a57fdd7ce31c7ff06cdfbf31dafa96cc533c21e443d57f5b1ecc6cdc668ec7f",
                "sha256:3c6b973f22eb18a789b1460b4b91bf04ae3f0c4234a0a6aa6b0a92f6f7b951d4",
                "sha256:3e53af139f8579a6d5f7b76549125f0d94d7e630761a2111bc431fd820e163b8",
                "sha256:4096e9de5c6fdf43fb4f04c26fb114f61ef0bf2e5604b6ee3019d51b69e8c371",
                "sha256:4275d846e41ecefa46e2015117a9f491e57a71ddd59bbead77e904dc02b1bed2",
                "sha256:4c31f53cdae6ecfa91a77820e8b151dba54ab528ba65dfd235c80b086d68a465",
                "sha256:4f11aa001c540f62c6166c7726f71f7573b52c68c31f014c25cc7901deea0b52",
                "sha256:5049256f536511ee3f7e1b3f87d1d1209d327e818e6ae1365e8653d7e3abb6a6",
                "sha256:58c98fee265677f63a4385256a6d7683ab1832f3ddd1e66fe948d5880c21a169",
                "sha256:598e3276b64aff0e7b3451b72e94fa3c238d452e7ddcd893c3ab324717456bad",
                "sha256:5b7b716f97b52c5a14bffdf688f971b2d5ef4029127f1ad7a513973cfd818df2",
                "sha256:5dedb4db619ba5a2787a94d877bc8ffc0566f92a01c0ef214865e54ecc9ee5e0",
                "sha256:619bc166c4f2de5caa5a633b8b7326fbe98e0ccbfacabd87268a2b15ff73a029",
                "sha256:629ddd2ca402ae6dbedfceeba9c46d5f7b2a61d9749597d4307f943ef198fc1f",
                "sha256:656f7526c69fac7f600bd1f400991cc282b417d17539a1b228617081106feb4a",
                "sha256:6ec585f69cec0aa07d945b20805be741395e28ac1627333b1c5b0105962ffced",
                "sha256:72b6be590cc35924b02c78ef34b467da4ba07e4e0f0454a2c5907f473fc50ce5",
                "sha256:7502934a33b54030eaf1194c21c692a534196063db72176b0c4028e140f8f32c",
                "sha256:7a68b554d356a91cce1236aa7682dc01df0edba8d043fd1ce607c49dd3c1edcf",
                "sha256:7b2e5a267c855eea6b4283940daa6e88a285f5f2a67f2220203786dfa59b37e9",
                "sha256:823b65d8706e32ad2df51ed89496147a42a2a6e01c13cfb6ffb8b1e92bc910bb",
                "sha256:8590b4ae07a35970728874632fed7bd57b26b0102df2d2b233b6d9d82f6c62ad",
                "sha256:8dd717634f5a044f860435c1d8c16a270ddf0ef8588d4887037c5028b859b0c3",
                "sha256:8dec4936e9c3100156f8a2dc89c4b88d5c435175ff03413b443469c7c8c5f4d1",
                "sha256:97cafb1f3cbcd3fd2b6fbfb99ae11cdb14deea0736fc2b0952ee177f2b813a46",
                "sha256:a17a92de5231666cfbe003f0e4b9b3a7ae3afb1ec2845aadc2bacc93ff85febc",
                "sha256:a549b9c31bec33820e885335b451286e2969a2d9e24879f83fe904a5ce59d70a",
                "sha256:ac07bad82163452a6884fe8fa0963fb98c2346ba78d779ec06bd7a6262132aee",
                "sha256:ae2ad8ae6ebee9d2d94b17fb62763125f3f374c25618198f40cbb8b525411900",
                "sha256:b91c037585eba9095565a3556f611e3cbfaa42ca1e865f7b8015fe5c7336d5a5",
                "sha256:bc1667f8b83f48511b94671e0e441401371dfd0f0a795c7daa4a3cd1dde55bea",
                "sha256:bec0a414d016ac1a18862a519e54b2fd0fc8bbfd6890376898a6c0891dd82e9f",
                "sha256:bf50cd79a75d181c9181df03572cdce0fbb75cc353bc350712073108cba98de5",
                "sha256:bff1b4290a66b490a2f4719358c0cdcd9bafb6b8f061e45c7a2460866bf50c2e",
                "sha256:c061bb86a71b42465156a3ee7bd58c8c2ceacdbeb95d05a99893e08b8467359a",
                "sha256:c8b29db45f8fe46ad280a7294f5c3ec36dbac9491f2d1c17345be8e69cc5928f",
                "sha256:ce409136744f6521e39fd8e2a24c53fa18ad67aa5bc7c2cf83645cce5b5c4e50",
                "sha256:d050b3361367a06d752db6ead6e7edeb0009be66bc3bae0ee9d97fb326badc2a",
                "sha256:d283d37a890ba4c1ae73ffadf8046435c76e7bc2247bbb63c00bd1a709c6544b",
                "sha256:d9fad5155d72433c921b782e58892377c44bd6252b5af2f67f16b194987338a4",
                "sha256:daa4ee5a243f0f20d528d939d06670a298dd39b1ad5f8a72a4275124a7819eff",
                "sha256:db0b55e0f3cc0be60c1f19efdde9a637c32740486004f20d1cff53c3c0ece4d2",
                "sha256:e61659ba32cf2cf1481e575d0462554625196a1f2fc06a1c777d3f48e8865d46",
                "sha256:ea3d8a3d18833cf4304cd2fc9cbb1efe188ca9b5efef2bdac7adc20594a0e46b",
                "sha256:ec6a563cff360b50eed26f13adc43e61bc0c04d94b8be985e6fb24b81f6dcfdf",
                "sha256:f5dfb42c4604dddc8e4305050aa6deb084540643ed5804d7455b5df8fe16f5e5",
                "sha256:fa173ec60341d6bb97a89f5ea19c85c5643c1e7dedebc22f5181eb73573142c5",
                "sha256:fa9db3f79de01457b03d4f01b34cf91bc0048eb2c3846ff26f66687c2f6d16ab",
                "sha256:fce659a462a1be54d2ffcacea5e3ba2d74daa74f30f5f143fe0c58636e355fdd",
                "sha256:ffee1f21e5ef0d712f9033568f8344d5da8cc2869dbd08d87c84656e6a2d2f68"
            ],
            "markers": "python_version >= '3.7'",
            "version": "==2.1.5"
        },
        "python-dateutil": {
            "hashes": [
                "sha256:37dd54208da7e1cd875388217d5e00ebd4179249f90fb72437e91a35459a0ad3",
                "sha256:a8b2bc7bffae282281c8140a97d3aa9c14da0b136dfe83f850eea9a5f7470427"
            ],
            "markers": "python_version >= '2.7' and python_version not in '3.0, 3.1, 3.2, 3.3'",
            "version": "==2.9.0.post0"
        },
        "pytz": {
            "hashes": [
                "sha256:2a29735ea9c18baf14b448846bde5a48030ed267578472d8955cd0e7443a9812",
                "sha256:328171f4e3623139da4983451950b28e95ac706e13f3f2630a879749e7a8b319"
            ],
            "index": "pypi",
            "version": "==2024.1"
        },
        "s3transfer": {
            "hashes": [
                "sha256:5683916b4c724f799e600f41dd9e10a9ff19871bf87623cc8f491cb4f5fa0a19",
                "sha256:ceb252b11bcf87080fb7850a224fb6e05c8a776bab8f2b64b7f25b969464839d"
            ],
            "markers": "python_version >= '3.8'",
            "version": "==0.10.1"
        },
        "six": {
            "hashes": [
                "sha256:1e61c37477a1626458e36f7b1d82aa5c9b094fa4802892072e49de9c60c4c926",
                "sha256:8abb2f1d86890a2dfb989f9a77cfcfd3e47c2a354b01111771326f8aa26e0254"
            ],
            "markers": "python_version >= '2.7' and python_version not in '3.0, 3.1, 3.2, 3.3'",
            "version": "==1.16.0"
        },
        "urllib3": {
            "hashes": [
                "sha256:34b97092d7e0a3a8cf7cd10e386f401b3737364026c45e622aa02903dffe0f07",
                "sha256:f8ecc1bba5667413457c529ab955bf8c67b45db799d159066261719e328580a0"
            ],
            "markers": "python_version < '3.10'",
            "version": "==1.26.18"
        }
    },
    "develop": {}
}
